// !$*UTF8*$!
{
	archiveVersion = 1;
	classes = {
	};
	objectVersion = 48;
	objects = {

/* Begin PBXBuildFile section */
		B667AC91201B3AF100EC17BD /* NotificationCenter.framework in Frameworks */ = {isa = PBXBuildFile; fileRef = B6B18C5E201B2C0900FD48A7 /* NotificationCenter.framework */; };
		B667AC94201B3AF100EC17BD /* TodayViewController.swift in Sources */ = {isa = PBXBuildFile; fileRef = B667AC93201B3AF100EC17BD /* TodayViewController.swift */; };
		B667AC97201B3AF100EC17BD /* MainInterface.storyboard in Resources */ = {isa = PBXBuildFile; fileRef = B667AC95201B3AF100EC17BD /* MainInterface.storyboard */; };
		B667AC9B201B3AF100EC17BD /* Widget-Today.appex in Embed App Extensions */ = {isa = PBXBuildFile; fileRef = B667AC90201B3AF100EC17BD /* Widget-Today.appex */; settings = {ATTRIBUTES = (RemoveHeadersOnCopy, ); }; };
		B6BFC47B201839D7000B6773 /* AppDelegate.swift in Sources */ = {isa = PBXBuildFile; fileRef = B6BFC47A201839D7000B6773 /* AppDelegate.swift */; };
		B6BFC47D201839D7000B6773 /* ViewController.swift in Sources */ = {isa = PBXBuildFile; fileRef = B6BFC47C201839D7000B6773 /* ViewController.swift */; };
		B6BFC480201839D7000B6773 /* Main.storyboard in Resources */ = {isa = PBXBuildFile; fileRef = B6BFC47E201839D7000B6773 /* Main.storyboard */; };
		B6BFC482201839D7000B6773 /* Assets.xcassets in Resources */ = {isa = PBXBuildFile; fileRef = B6BFC481201839D7000B6773 /* Assets.xcassets */; };
		B6BFC485201839D7000B6773 /* LaunchScreen.storyboard in Resources */ = {isa = PBXBuildFile; fileRef = B6BFC483201839D7000B6773 /* LaunchScreen.storyboard */; };
		B6BFC48D20183A2A000B6773 /* PreviewViewController.swift in Sources */ = {isa = PBXBuildFile; fileRef = B6BFC48C20183A2A000B6773 /* PreviewViewController.swift */; };
/* End PBXBuildFile section */

/* Begin PBXContainerItemProxy section */
		B667AC99201B3AF100EC17BD /* PBXContainerItemProxy */ = {
			isa = PBXContainerItemProxy;
			containerPortal = B6BFC46F201839D7000B6773 /* Project object */;
			proxyType = 1;
			remoteGlobalIDString = B667AC8F201B3AF100EC17BD;
			remoteInfo = "Widget-Today";
		};
/* End PBXContainerItemProxy section */

/* Begin PBXCopyFilesBuildPhase section */
		B6B18C6D201B2C0900FD48A7 /* Embed App Extensions */ = {
			isa = PBXCopyFilesBuildPhase;
			buildActionMask = 2147483647;
			dstPath = "";
			dstSubfolderSpec = 13;
			files = (
				B667AC9B201B3AF100EC17BD /* Widget-Today.appex in Embed App Extensions */,
			);
			name = "Embed App Extensions";
			runOnlyForDeploymentPostprocessing = 0;
		};
/* End PBXCopyFilesBuildPhase section */

/* Begin PBXFileReference section */
		B667AC90201B3AF100EC17BD /* Widget-Today.appex */ = {isa = PBXFileReference; explicitFileType = "wrapper.app-extension"; includeInIndex = 0; path = "Widget-Today.appex"; sourceTree = BUILT_PRODUCTS_DIR; };
		B667AC93201B3AF100EC17BD /* TodayViewController.swift */ = {isa = PBXFileReference; lastKnownFileType = sourcecode.swift; path = TodayViewController.swift; sourceTree = "<group>"; };
		B667AC96201B3AF100EC17BD /* Base */ = {isa = PBXFileReference; lastKnownFileType = file.storyboard; name = Base; path = Base.lproj/MainInterface.storyboard; sourceTree = "<group>"; };
		B667AC98201B3AF100EC17BD /* Info.plist */ = {isa = PBXFileReference; lastKnownFileType = text.plist.xml; path = Info.plist; sourceTree = "<group>"; };
		B6B18C5E201B2C0900FD48A7 /* NotificationCenter.framework */ = {isa = PBXFileReference; lastKnownFileType = wrapper.framework; name = NotificationCenter.framework; path = System/Library/Frameworks/NotificationCenter.framework; sourceTree = SDKROOT; };
		B6B18C6E201B2EB500FD48A7 /* WidgetAnd3DTouch.entitlements */ = {isa = PBXFileReference; lastKnownFileType = text.plist.entitlements; path = WidgetAnd3DTouch.entitlements; sourceTree = "<group>"; };
		B6BFC477201839D7000B6773 /* WidgetAnd3DTouch.app */ = {isa = PBXFileReference; explicitFileType = wrapper.application; includeInIndex = 0; path = WidgetAnd3DTouch.app; sourceTree = BUILT_PRODUCTS_DIR; };
		B6BFC47A201839D7000B6773 /* AppDelegate.swift */ = {isa = PBXFileReference; lastKnownFileType = sourcecode.swift; path = AppDelegate.swift; sourceTree = "<group>"; };
		B6BFC47C201839D7000B6773 /* ViewController.swift */ = {isa = PBXFileReference; lastKnownFileType = sourcecode.swift; path = ViewController.swift; sourceTree = "<group>"; };
		B6BFC47F201839D7000B6773 /* Base */ = {isa = PBXFileReference; lastKnownFileType = file.storyboard; name = Base; path = Base.lproj/Main.storyboard; sourceTree = "<group>"; };
		B6BFC481201839D7000B6773 /* Assets.xcassets */ = {isa = PBXFileReference; lastKnownFileType = folder.assetcatalog; path = Assets.xcassets; sourceTree = "<group>"; };
		B6BFC484201839D7000B6773 /* Base */ = {isa = PBXFileReference; lastKnownFileType = file.storyboard; name = Base; path = Base.lproj/LaunchScreen.storyboard; sourceTree = "<group>"; };
		B6BFC486201839D7000B6773 /* Info.plist */ = {isa = PBXFileReference; lastKnownFileType = text.plist.xml; path = Info.plist; sourceTree = "<group>"; };
		B6BFC48C20183A2A000B6773 /* PreviewViewController.swift */ = {isa = PBXFileReference; lastKnownFileType = sourcecode.swift; path = PreviewViewController.swift; sourceTree = "<group>"; };
/* End PBXFileReference section */

/* Begin PBXFrameworksBuildPhase section */
		B667AC8D201B3AF100EC17BD /* Frameworks */ = {
			isa = PBXFrameworksBuildPhase;
			buildActionMask = 2147483647;
			files = (
				B667AC91201B3AF100EC17BD /* NotificationCenter.framework in Frameworks */,
			);
			runOnlyForDeploymentPostprocessing = 0;
		};
		B6BFC474201839D7000B6773 /* Frameworks */ = {
			isa = PBXFrameworksBuildPhase;
			buildActionMask = 2147483647;
			files = (
			);
			runOnlyForDeploymentPostprocessing = 0;
		};
/* End PBXFrameworksBuildPhase section */

/* Begin PBXGroup section */
		B667AC92201B3AF100EC17BD /* Widget-Today */ = {
			isa = PBXGroup;
			children = (
				B667AC93201B3AF100EC17BD /* TodayViewController.swift */,
				B667AC95201B3AF100EC17BD /* MainInterface.storyboard */,
				B667AC98201B3AF100EC17BD /* Info.plist */,
			);
			path = "Widget-Today";
			sourceTree = "<group>";
		};
		B6B18C5D201B2C0900FD48A7 /* Frameworks */ = {
			isa = PBXGroup;
			children = (
				B6B18C5E201B2C0900FD48A7 /* NotificationCenter.framework */,
			);
			name = Frameworks;
			sourceTree = "<group>";
		};
		B6BFC46E201839D7000B6773 = {
			isa = PBXGroup;
			children = (
				B6BFC479201839D7000B6773 /* WidgetAnd3DTouch */,
				B667AC92201B3AF100EC17BD /* Widget-Today */,
				B6B18C5D201B2C0900FD48A7 /* Frameworks */,
				B6BFC478201839D7000B6773 /* Products */,
			);
			sourceTree = "<group>";
		};
		B6BFC478201839D7000B6773 /* Products */ = {
			isa = PBXGroup;
			children = (
				B6BFC477201839D7000B6773 /* WidgetAnd3DTouch.app */,
				B667AC90201B3AF100EC17BD /* Widget-Today.appex */,
			);
			name = Products;
			sourceTree = "<group>";
		};
		B6BFC479201839D7000B6773 /* WidgetAnd3DTouch */ = {
			isa = PBXGroup;
			children = (
				B6B18C6E201B2EB500FD48A7 /* WidgetAnd3DTouch.entitlements */,
				B6BFC47A201839D7000B6773 /* AppDelegate.swift */,
				B6BFC47C201839D7000B6773 /* ViewController.swift */,
				B6BFC48C20183A2A000B6773 /* PreviewViewController.swift */,
				B6BFC47E201839D7000B6773 /* Main.storyboard */,
				B6BFC481201839D7000B6773 /* Assets.xcassets */,
				B6BFC483201839D7000B6773 /* LaunchScreen.storyboard */,
				B6BFC486201839D7000B6773 /* Info.plist */,
			);
			path = WidgetAnd3DTouch;
			sourceTree = "<group>";
		};
/* End PBXGroup section */

/* Begin PBXNativeTarget section */
		B667AC8F201B3AF100EC17BD /* Widget-Today */ = {
			isa = PBXNativeTarget;
			buildConfigurationList = B667AC9C201B3AF100EC17BD /* Build configuration list for PBXNativeTarget "Widget-Today" */;
			buildPhases = (
				B667AC8C201B3AF100EC17BD /* Sources */,
				B667AC8D201B3AF100EC17BD /* Frameworks */,
				B667AC8E201B3AF100EC17BD /* Resources */,
			);
			buildRules = (
			);
			dependencies = (
			);
			name = "Widget-Today";
			productName = "Widget-Today";
			productReference = B667AC90201B3AF100EC17BD /* Widget-Today.appex */;
			productType = "com.apple.product-type.app-extension";
		};
		B6BFC476201839D7000B6773 /* WidgetAnd3DTouch */ = {
			isa = PBXNativeTarget;
			buildConfigurationList = B6BFC489201839D7000B6773 /* Build configuration list for PBXNativeTarget "WidgetAnd3DTouch" */;
			buildPhases = (
				B6BFC473201839D7000B6773 /* Sources */,
				B6BFC474201839D7000B6773 /* Frameworks */,
				B6BFC475201839D7000B6773 /* Resources */,
				B6B18C6D201B2C0900FD48A7 /* Embed App Extensions */,
			);
			buildRules = (
			);
			dependencies = (
				B667AC9A201B3AF100EC17BD /* PBXTargetDependency */,
			);
			name = WidgetAnd3DTouch;
			productName = WidgetAnd3DTouch;
			productReference = B6BFC477201839D7000B6773 /* WidgetAnd3DTouch.app */;
			productType = "com.apple.product-type.application";
		};
/* End PBXNativeTarget section */

/* Begin PBXProject section */
		B6BFC46F201839D7000B6773 /* Project object */ = {
			isa = PBXProject;
			attributes = {
				LastSwiftUpdateCheck = 0910;
				LastUpgradeCheck = 0910;
				ORGANIZATIONNAME = pangshishan;
				TargetAttributes = {
					B667AC8F201B3AF100EC17BD = {
						CreatedOnToolsVersion = 9.1;
						ProvisioningStyle = Automatic;
					};
					B6BFC476201839D7000B6773 = {
						CreatedOnToolsVersion = 9.1;
						ProvisioningStyle = Automatic;
						SystemCapabilities = {
							com.apple.ApplicationGroups.iOS = {
								enabled = 0;
							};
						};
					};
				};
			};
			buildConfigurationList = B6BFC472201839D7000B6773 /* Build configuration list for PBXProject "WidgetAnd3DTouch" */;
			compatibilityVersion = "Xcode 8.0";
			developmentRegion = en;
			hasScannedForEncodings = 0;
			knownRegions = (
				en,
				Base,
			);
			mainGroup = B6BFC46E201839D7000B6773;
			productRefGroup = B6BFC478201839D7000B6773 /* Products */;
			projectDirPath = "";
			projectRoot = "";
			targets = (
				B6BFC476201839D7000B6773 /* WidgetAnd3DTouch */,
				B667AC8F201B3AF100EC17BD /* Widget-Today */,
			);
		};
/* End PBXProject section */

/* Begin PBXResourcesBuildPhase section */
		B667AC8E201B3AF100EC17BD /* Resources */ = {
			isa = PBXResourcesBuildPhase;
			buildActionMask = 2147483647;
			files = (
				B667AC97201B3AF100EC17BD /* MainInterface.storyboard in Resources */,
			);
			runOnlyForDeploymentPostprocessing = 0;
		};
		B6BFC475201839D7000B6773 /* Resources */ = {
			isa = PBXResourcesBuildPhase;
			buildActionMask = 2147483647;
			files = (
				B6BFC485201839D7000B6773 /* LaunchScreen.storyboard in Resources */,
				B6BFC482201839D7000B6773 /* Assets.xcassets in Resources */,
				B6BFC480201839D7000B6773 /* Main.storyboard in Resources */,
			);
			runOnlyForDeploymentPostprocessing = 0;
		};
/* End PBXResourcesBuildPhase section */

/* Begin PBXSourcesBuildPhase section */
		B667AC8C201B3AF100EC17BD /* Sources */ = {
			isa = PBXSourcesBuildPhase;
			buildActionMask = 2147483647;
			files = (
				B667AC94201B3AF100EC17BD /* TodayViewController.swift in Sources */,
			);
			runOnlyForDeploymentPostprocessing = 0;
		};
		B6BFC473201839D7000B6773 /* Sources */ = {
			isa = PBXSourcesBuildPhase;
			buildActionMask = 2147483647;
			files = (
				B6BFC47D201839D7000B6773 /* ViewController.swift in Sources */,
				B6BFC47B201839D7000B6773 /* AppDelegate.swift in Sources */,
				B6BFC48D20183A2A000B6773 /* PreviewViewController.swift in Sources */,
			);
			runOnlyForDeploymentPostprocessing = 0;
		};
/* End PBXSourcesBuildPhase section */

/* Begin PBXTargetDependency section */
		B667AC9A201B3AF100EC17BD /* PBXTargetDependency */ = {
			isa = PBXTargetDependency;
			target = B667AC8F201B3AF100EC17BD /* Widget-Today */;
			targetProxy = B667AC99201B3AF100EC17BD /* PBXContainerItemProxy */;
		};
/* End PBXTargetDependency section */

/* Begin PBXVariantGroup section */
		B667AC95201B3AF100EC17BD /* MainInterface.storyboard */ = {
			isa = PBXVariantGroup;
			children = (
				B667AC96201B3AF100EC17BD /* Base */,
			);
			name = MainInterface.storyboard;
			sourceTree = "<group>";
		};
		B6BFC47E201839D7000B6773 /* Main.storyboard */ = {
			isa = PBXVariantGroup;
			children = (
				B6BFC47F201839D7000B6773 /* Base */,
			);
			name = Main.storyboard;
			sourceTree = "<group>";
		};
		B6BFC483201839D7000B6773 /* LaunchScreen.storyboard */ = {
			isa = PBXVariantGroup;
			children = (
				B6BFC484201839D7000B6773 /* Base */,
			);
			name = LaunchScreen.storyboard;
			sourceTree = "<group>";
		};
/* End PBXVariantGroup section */

/* Begin XCBuildConfiguration section */
		B667AC9D201B3AF100EC17BD /* Debug */ = {
			isa = XCBuildConfiguration;
			buildSettings = {
				CODE_SIGN_STYLE = Automatic;
				DEVELOPMENT_TEAM = H6446PRH7S;
				INFOPLIST_FILE = "Widget-Today/Info.plist";
				IPHONEOS_DEPLOYMENT_TARGET = 10.0;
				LD_RUNPATH_SEARCH_PATHS = "$(inherited) @executable_path/Frameworks @executable_path/../../Frameworks";
				PRODUCT_BUNDLE_IDENTIFIER = "com.pangshishan.test.Widget-Today";
				PRODUCT_NAME = "$(TARGET_NAME)";
				SKIP_INSTALL = YES;
				SWIFT_VERSION = 4.0;
				TARGETED_DEVICE_FAMILY = "1,2";
			};
			name = Debug;
		};
		B667AC9E201B3AF100EC17BD /* Release */ = {
			isa = XCBuildConfiguration;
			buildSettings = {
				CODE_SIGN_STYLE = Automatic;
				DEVELOPMENT_TEAM = H6446PRH7S;
				INFOPLIST_FILE = "Widget-Today/Info.plist";
				IPHONEOS_DEPLOYMENT_TARGET = 10.0;
				LD_RUNPATH_SEARCH_PATHS = "$(inherited) @executable_path/Frameworks @executable_path/../../Frameworks";
				PRODUCT_BUNDLE_IDENTIFIER = "com.pangshishan.test.Widget-Today";
				PRODUCT_NAME = "$(TARGET_NAME)";
				SKIP_INSTALL = YES;
				SWIFT_VERSION = 4.0;
				TARGETED_DEVICE_FAMILY = "1,2";
			};
			name = Release;
		};
		B6BFC487201839D7000B6773 /* Debug */ = {
			isa = XCBuildConfiguration;
			buildSettings = {
				ALWAYS_SEARCH_USER_PATHS = NO;
				CLANG_ANALYZER_NONNULL = YES;
				CLANG_ANALYZER_NUMBER_OBJECT_CONVERSION = YES_AGGRESSIVE;
				CLANG_CXX_LANGUAGE_STANDARD = "gnu++14";
				CLANG_CXX_LIBRARY = "libc++";
				CLANG_ENABLE_MODULES = YES;
				CLANG_ENABLE_OBJC_ARC = YES;
				CLANG_WARN_BLOCK_CAPTURE_AUTORELEASING = YES;
				CLANG_WARN_BOOL_CONVERSION = YES;
				CLANG_WARN_COMMA = YES;
				CLANG_WARN_CONSTANT_CONVERSION = YES;
				CLANG_WARN_DIRECT_OBJC_ISA_USAGE = YES_ERROR;
				CLANG_WARN_DOCUMENTATION_COMMENTS = YES;
				CLANG_WARN_EMPTY_BODY = YES;
				CLANG_WARN_ENUM_CONVERSION = YES;
				CLANG_WARN_INFINITE_RECURSION = YES;
				CLANG_WARN_INT_CONVERSION = YES;
				CLANG_WARN_NON_LITERAL_NULL_CONVERSION = YES;
				CLANG_WARN_OBJC_LITERAL_CONVERSION = YES;
				CLANG_WARN_OBJC_ROOT_CLASS = YES_ERROR;
				CLANG_WARN_RANGE_LOOP_ANALYSIS = YES;
				CLANG_WARN_STRICT_PROTOTYPES = YES;
				CLANG_WARN_SUSPICIOUS_MOVE = YES;
				CLANG_WARN_UNGUARDED_AVAILABILITY = YES_AGGRESSIVE;
				CLANG_WARN_UNREACHABLE_CODE = YES;
				CLANG_WARN__DUPLICATE_METHOD_MATCH = YES;
				CODE_SIGN_IDENTITY = "iPhone Developer";
				COPY_PHASE_STRIP = NO;
				DEBUG_INFORMATION_FORMAT = dwarf;
				ENABLE_STRICT_OBJC_MSGSEND = YES;
				ENABLE_TESTABILITY = YES;
				GCC_C_LANGUAGE_STANDARD = gnu11;
				GCC_DYNAMIC_NO_PIC = NO;
				GCC_NO_COMMON_BLOCKS = YES;
				GCC_OPTIMIZATION_LEVEL = 0;
				GCC_PREPROCESSOR_DEFINITIONS = (
					"DEBUG=1",
					"$(inherited)",
				);
				GCC_WARN_64_TO_32_BIT_CONVERSION = YES;
				GCC_WARN_ABOUT_RETURN_TYPE = YES_ERROR;
				GCC_WARN_UNDECLARED_SELECTOR = YES;
				GCC_WARN_UNINITIALIZED_AUTOS = YES_AGGRESSIVE;
				GCC_WARN_UNUSED_FUNCTION = YES;
				GCC_WARN_UNUSED_VARIABLE = YES;
				IPHONEOS_DEPLOYMENT_TARGET = 11.2;
				MTL_ENABLE_DEBUG_INFO = YES;
				ONLY_ACTIVE_ARCH = YES;
				SDKROOT = iphoneos;
				SWIFT_ACTIVE_COMPILATION_CONDITIONS = DEBUG;
				SWIFT_OPTIMIZATION_LEVEL = "-Onone";
			};
			name = Debug;
		};
		B6BFC488201839D7000B6773 /* Release */ = {
			isa = XCBuildConfiguration;
			buildSettings = {
				ALWAYS_SEARCH_USER_PATHS = NO;
				CLANG_ANALYZER_NONNULL = YES;
				CLANG_ANALYZER_NUMBER_OBJECT_CONVERSION = YES_AGGRESSIVE;
				CLANG_CXX_LANGUAGE_STANDARD = "gnu++14";
				CLANG_CXX_LIBRARY = "libc++";
				CLANG_ENABLE_MODULES = YES;
				CLANG_ENABLE_OBJC_ARC = YES;
				CLANG_WARN_BLOCK_CAPTURE_AUTORELEASING = YES;
				CLANG_WARN_BOOL_CONVERSION = YES;
				CLANG_WARN_COMMA = YES;
				CLANG_WARN_CONSTANT_CONVERSION = YES;
				CLANG_WARN_DIRECT_OBJC_ISA_USAGE = YES_ERROR;
				CLANG_WARN_DOCUMENTATION_COMMENTS = YES;
				CLANG_WARN_EMPTY_BODY = YES;
				CLANG_WARN_ENUM_CONVERSION = YES;
				CLANG_WARN_INFINITE_RECURSION = YES;
				CLANG_WARN_INT_CONVERSION = YES;
				CLANG_WARN_NON_LITERAL_NULL_CONVERSION = YES;
				CLANG_WARN_OBJC_LITERAL_CONVERSION = YES;
				CLANG_WARN_OBJC_ROOT_CLASS = YES_ERROR;
				CLANG_WARN_RANGE_LOOP_ANALYSIS = YES;
				CLANG_WARN_STRICT_PROTOTYPES = YES;
				CLANG_WARN_SUSPICIOUS_MOVE = YES;
				CLANG_WARN_UNGUARDED_AVAILABILITY = YES_AGGRESSIVE;
				CLANG_WARN_UNREACHABLE_CODE = YES;
				CLANG_WARN__DUPLICATE_METHOD_MATCH = YES;
				CODE_SIGN_IDENTITY = "iPhone Developer";
				COPY_PHASE_STRIP = NO;
				DEBUG_INFORMATION_FORMAT = "dwarf-with-dsym";
				ENABLE_NS_ASSERTIONS = NO;
				ENABLE_STRICT_OBJC_MSGSEND = YES;
				GCC_C_LANGUAGE_STANDARD = gnu11;
				GCC_NO_COMMON_BLOCKS = YES;
				GCC_WARN_64_TO_32_BIT_CONVERSION = YES;
				GCC_WARN_ABOUT_RETURN_TYPE = YES_ERROR;
				GCC_WARN_UNDECLARED_SELECTOR = YES;
				GCC_WARN_UNINITIALIZED_AUTOS = YES_AGGRESSIVE;
				GCC_WARN_UNUSED_FUNCTION = YES;
				GCC_WARN_UNUSED_VARIABLE = YES;
				IPHONEOS_DEPLOYMENT_TARGET = 11.2;
				MTL_ENABLE_DEBUG_INFO = NO;
				SDKROOT = iphoneos;
				SWIFT_OPTIMIZATION_LEVEL = "-Owholemodule";
				VALIDATE_PRODUCT = YES;
			};
			name = Release;
		};
		B6BFC48A201839D7000B6773 /* Debug */ = {
			isa = XCBuildConfiguration;
			buildSettings = {
				ALWAYS_EMBED_SWIFT_STANDARD_LIBRARIES = YES;
				ASSETCATALOG_COMPILER_APPICON_NAME = AppIcon;
				CODE_SIGN_STYLE = Automatic;
				DEVELOPMENT_TEAM = H6446PRH7S;
				INFOPLIST_FILE = WidgetAnd3DTouch/Info.plist;
				IPHONEOS_DEPLOYMENT_TARGET = 10.0;
				LD_RUNPATH_SEARCH_PATHS = "$(inherited) @executable_path/Frameworks";
				PRODUCT_BUNDLE_IDENTIFIER = com.pangshishan.test;
				PRODUCT_NAME = "$(TARGET_NAME)";
				SWIFT_VERSION = 4.0;
				TARGETED_DEVICE_FAMILY = "1,2";
			};
			name = Debug;
		};
		B6BFC48B201839D7000B6773 /* Release */ = {
			isa = XCBuildConfiguration;
			buildSettings = {
				ALWAYS_EMBED_SWIFT_STANDARD_LIBRARIES = YES;
				ASSETCATALOG_COMPILER_APPICON_NAME = AppIcon;
				CODE_SIGN_STYLE = Automatic;
				DEVELOPMENT_TEAM = H6446PRH7S;
				INFOPLIST_FILE = WidgetAnd3DTouch/Info.plist;
				IPHONEOS_DEPLOYMENT_TARGET = 10.0;
				LD_RUNPATH_SEARCH_PATHS = "$(inherited) @executable_path/Frameworks";
				PRODUCT_BUNDLE_IDENTIFIER = com.pangshishan.test;
				PRODUCT_NAME = "$(TARGET_NAME)";
				SWIFT_VERSION = 4.0;
				TARGETED_DEVICE_FAMILY = "1,2";
			};
			name = Release;
		};
/* End XCBuildConfiguration section */

/* Begin XCConfigurationList section */
		B667AC9C201B3AF100EC17BD /* Build configuration list for PBXNativeTarget "Widget-Today" */ = {
			isa = XCConfigurationList;
			buildConfigurations = (
				B667AC9D201B3AF100EC17BD /* Debug */,
				B667AC9E201B3AF100EC17BD /* Release */,
			);
			defaultConfigurationIsVisible = 0;
			defaultConfigurationName = Release;
		};
		B6BFC472201839D7000B6773 /* Build configuration list for PBXProject "WidgetAnd3DTouch" */ = {
			isa = XCConfigurationList;
			buildConfigurations = (
				B6BFC487201839D7000B6773 /* Debug */,
				B6BFC488201839D7000B6773 /* Release */,
			);
			defaultConfigurationIsVisible = 0;
			defaultConfigurationName = Release;
		};
		B6BFC489201839D7000B6773 /* Build configuration list for PBXNativeTarget "WidgetAnd3DTouch" */ = {
			isa = XCConfigurationList;
			buildConfigurations = (
				B6BFC48A201839D7000B6773 /* Debug */,
				B6BFC48B201839D7000B6773 /* Release */,
			);
			defaultConfigurationIsVisible = 0;
			defaultConfigurationName = Release;
		};
/* End XCConfigurationList section */
	};
	rootObject = B6BFC46F201839D7000B6773 /* Project object */;
}
