// !$*UTF8*$!
{
	archiveVersion = 1;
	classes = {
	};
	objectVersion = 48;
	objects = {

/* Begin PBXBuildFile section */
		625C5802DD2C2E2A49E90F56 /* libPods-CardPageDemo.a in Frameworks */ = {isa = PBXBuildFile; fileRef = BB40DEEA02D409D0145B22E2 /* libPods-CardPageDemo.a */; };
		B60F6B4220316CB20068992D /* TestView.m in Sources */ = {isa = PBXBuildFile; fileRef = B60F6B4120316CB20068992D /* TestView.m */; };
		B60F6B4520316DA80068992D /* CardPageVCView.m in Sources */ = {isa = PBXBuildFile; fileRef = B60F6B4420316DA80068992D /* CardPageVCView.m */; };
		B6E47B37202A93BC00125459 /* AppDelegate.m in Sources */ = {isa = PBXBuildFile; fileRef = B6E47B36202A93BC00125459 /* AppDelegate.m */; };
		B6E47B3A202A93BC00125459 /* ViewController.m in Sources */ = {isa = PBXBuildFile; fileRef = B6E47B39202A93BC00125459 /* ViewController.m */; };
		B6E47B3D202A93BC00125459 /* Main.storyboard in Resources */ = {isa = PBXBuildFile; fileRef = B6E47B3B202A93BC00125459 /* Main.storyboard */; };
		B6E47B3F202A93BC00125459 /* Assets.xcassets in Resources */ = {isa = PBXBuildFile; fileRef = B6E47B3E202A93BC00125459 /* Assets.xcassets */; };
		B6E47B42202A93BC00125459 /* LaunchScreen.storyboard in Resources */ = {isa = PBXBuildFile; fileRef = B6E47B40202A93BC00125459 /* LaunchScreen.storyboard */; };
		B6E47B45202A93BC00125459 /* main.m in Sources */ = {isa = PBXBuildFile; fileRef = B6E47B44202A93BC00125459 /* main.m */; };
		B6E47B4F202A93BD00125459 /* CardPageDemoTests.m in Sources */ = {isa = PBXBuildFile; fileRef = B6E47B4E202A93BD00125459 /* CardPageDemoTests.m */; };
		B6E47B5A202A93BD00125459 /* CardPageDemoUITests.m in Sources */ = {isa = PBXBuildFile; fileRef = B6E47B59202A93BD00125459 /* CardPageDemoUITests.m */; };
		B6E47B6A202A948000125459 /* CardPageViewController.m in Sources */ = {isa = PBXBuildFile; fileRef = B6E47B69202A948000125459 /* CardPageViewController.m */; };
		B6E47B6D202A9AE600125459 /* ItemViewController.m in Sources */ = {isa = PBXBuildFile; fileRef = B6E47B6C202A9AE600125459 /* ItemViewController.m */; };
/* End PBXBuildFile section */

/* Begin PBXContainerItemProxy section */
		B6E47B4B202A93BD00125459 /* PBXContainerItemProxy */ = {
			isa = PBXContainerItemProxy;
			containerPortal = B6E47B2A202A93BC00125459 /* Project object */;
			proxyType = 1;
			remoteGlobalIDString = B6E47B31202A93BC00125459;
			remoteInfo = CardPageDemo;
		};
		B6E47B56202A93BD00125459 /* PBXContainerItemProxy */ = {
			isa = PBXContainerItemProxy;
			containerPortal = B6E47B2A202A93BC00125459 /* Project object */;
			proxyType = 1;
			remoteGlobalIDString = B6E47B31202A93BC00125459;
			remoteInfo = CardPageDemo;
		};
/* End PBXContainerItemProxy section */

/* Begin PBXFileReference section */
		B60F6B4020316CB20068992D /* TestView.h */ = {isa = PBXFileReference; lastKnownFileType = sourcecode.c.h; path = TestView.h; sourceTree = "<group>"; };
		B60F6B4120316CB20068992D /* TestView.m */ = {isa = PBXFileReference; lastKnownFileType = sourcecode.c.objc; path = TestView.m; sourceTree = "<group>"; };
		B60F6B4320316DA80068992D /* CardPageVCView.h */ = {isa = PBXFileReference; lastKnownFileType = sourcecode.c.h; path = CardPageVCView.h; sourceTree = "<group>"; };
		B60F6B4420316DA80068992D /* CardPageVCView.m */ = {isa = PBXFileReference; lastKnownFileType = sourcecode.c.objc; path = CardPageVCView.m; sourceTree = "<group>"; };
		B6E47B32202A93BC00125459 /* CardPageDemo.app */ = {isa = PBXFileReference; explicitFileType = wrapper.application; includeInIndex = 0; path = CardPageDemo.app; sourceTree = BUILT_PRODUCTS_DIR; };
		B6E47B35202A93BC00125459 /* AppDelegate.h */ = {isa = PBXFileReference; lastKnownFileType = sourcecode.c.h; path = AppDelegate.h; sourceTree = "<group>"; };
		B6E47B36202A93BC00125459 /* AppDelegate.m */ = {isa = PBXFileReference; lastKnownFileType = sourcecode.c.objc; path = AppDelegate.m; sourceTree = "<group>"; };
		B6E47B38202A93BC00125459 /* ViewController.h */ = {isa = PBXFileReference; lastKnownFileType = sourcecode.c.h; path = ViewController.h; sourceTree = "<group>"; };
		B6E47B39202A93BC00125459 /* ViewController.m */ = {isa = PBXFileReference; lastKnownFileType = sourcecode.c.objc; path = ViewController.m; sourceTree = "<group>"; };
		B6E47B3C202A93BC00125459 /* Base */ = {isa = PBXFileReference; lastKnownFileType = file.storyboard; name = Base; path = Base.lproj/Main.storyboard; sourceTree = "<group>"; };
		B6E47B3E202A93BC00125459 /* Assets.xcassets */ = {isa = PBXFileReference; lastKnownFileType = folder.assetcatalog; path = Assets.xcassets; sourceTree = "<group>"; };
		B6E47B41202A93BC00125459 /* Base */ = {isa = PBXFileReference; lastKnownFileType = file.storyboard; name = Base; path = Base.lproj/LaunchScreen.storyboard; sourceTree = "<group>"; };
		B6E47B43202A93BC00125459 /* Info.plist */ = {isa = PBXFileReference; lastKnownFileType = text.plist.xml; path = Info.plist; sourceTree = "<group>"; };
		B6E47B44202A93BC00125459 /* main.m */ = {isa = PBXFileReference; lastKnownFileType = sourcecode.c.objc; path = main.m; sourceTree = "<group>"; };
		B6E47B4A202A93BD00125459 /* CardPageDemoTests.xctest */ = {isa = PBXFileReference; explicitFileType = wrapper.cfbundle; includeInIndex = 0; path = CardPageDemoTests.xctest; sourceTree = BUILT_PRODUCTS_DIR; };
		B6E47B4E202A93BD00125459 /* CardPageDemoTests.m */ = {isa = PBXFileReference; lastKnownFileType = sourcecode.c.objc; path = CardPageDemoTests.m; sourceTree = "<group>"; };
		B6E47B50202A93BD00125459 /* Info.plist */ = {isa = PBXFileReference; lastKnownFileType = text.plist.xml; path = Info.plist; sourceTree = "<group>"; };
		B6E47B55202A93BD00125459 /* CardPageDemoUITests.xctest */ = {isa = PBXFileReference; explicitFileType = wrapper.cfbundle; includeInIndex = 0; path = CardPageDemoUITests.xctest; sourceTree = BUILT_PRODUCTS_DIR; };
		B6E47B59202A93BD00125459 /* CardPageDemoUITests.m */ = {isa = PBXFileReference; lastKnownFileType = sourcecode.c.objc; path = CardPageDemoUITests.m; sourceTree = "<group>"; };
		B6E47B5B202A93BD00125459 /* Info.plist */ = {isa = PBXFileReference; lastKnownFileType = text.plist.xml; path = Info.plist; sourceTree = "<group>"; };
		B6E47B68202A948000125459 /* CardPageViewController.h */ = {isa = PBXFileReference; lastKnownFileType = sourcecode.c.h; path = CardPageViewController.h; sourceTree = "<group>"; };
		B6E47B69202A948000125459 /* CardPageViewController.m */ = {isa = PBXFileReference; lastKnownFileType = sourcecode.c.objc; path = CardPageViewController.m; sourceTree = "<group>"; };
		B6E47B6B202A9AE600125459 /* ItemViewController.h */ = {isa = PBXFileReference; lastKnownFileType = sourcecode.c.h; path = ItemViewController.h; sourceTree = "<group>"; };
		B6E47B6C202A9AE600125459 /* ItemViewController.m */ = {isa = PBXFileReference; lastKnownFileType = sourcecode.c.objc; path = ItemViewController.m; sourceTree = "<group>"; };
		BB40DEEA02D409D0145B22E2 /* libPods-CardPageDemo.a */ = {isa = PBXFileReference; explicitFileType = archive.ar; includeInIndex = 0; path = "libPods-CardPageDemo.a"; sourceTree = BUILT_PRODUCTS_DIR; };
		C1928EE6233F8F021798B46D /* Pods-CardPageDemo.release.xcconfig */ = {isa = PBXFileReference; includeInIndex = 1; lastKnownFileType = text.xcconfig; name = "Pods-CardPageDemo.release.xcconfig"; path = "Pods/Target Support Files/Pods-CardPageDemo/Pods-CardPageDemo.release.xcconfig"; sourceTree = "<group>"; };
		F4164675EDA63E1D13F2D6EB /* Pods-CardPageDemo.debug.xcconfig */ = {isa = PBXFileReference; includeInIndex = 1; lastKnownFileType = text.xcconfig; name = "Pods-CardPageDemo.debug.xcconfig"; path = "Pods/Target Support Files/Pods-CardPageDemo/Pods-CardPageDemo.debug.xcconfig"; sourceTree = "<group>"; };
/* End PBXFileReference section */

/* Begin PBXFrameworksBuildPhase section */
		B6E47B2F202A93BC00125459 /* Frameworks */ = {
			isa = PBXFrameworksBuildPhase;
			buildActionMask = 2147483647;
			files = (
				625C5802DD2C2E2A49E90F56 /* libPods-CardPageDemo.a in Frameworks */,
			);
			runOnlyForDeploymentPostprocessing = 0;
		};
		B6E47B47202A93BD00125459 /* Frameworks */ = {
			isa = PBXFrameworksBuildPhase;
			buildActionMask = 2147483647;
			files = (
			);
			runOnlyForDeploymentPostprocessing = 0;
		};
		B6E47B52202A93BD00125459 /* Frameworks */ = {
			isa = PBXFrameworksBuildPhase;
			buildActionMask = 2147483647;
			files = (
			);
			runOnlyForDeploymentPostprocessing = 0;
		};
/* End PBXFrameworksBuildPhase section */

/* Begin PBXGroup section */
		082F884E22E480B102CE87AD /* Pods */ = {
			isa = PBXGroup;
			children = (
				F4164675EDA63E1D13F2D6EB /* Pods-CardPageDemo.debug.xcconfig */,
				C1928EE6233F8F021798B46D /* Pods-CardPageDemo.release.xcconfig */,
			);
			name = Pods;
			sourceTree = "<group>";
		};
		5B6DD5150984673D1EFE6D5C /* Frameworks */ = {
			isa = PBXGroup;
			children = (
				BB40DEEA02D409D0145B22E2 /* libPods-CardPageDemo.a */,
			);
			name = Frameworks;
			sourceTree = "<group>";
		};
		B6E47B29202A93BC00125459 = {
			isa = PBXGroup;
			children = (
				B6E47B34202A93BC00125459 /* CardPageDemo */,
				B6E47B4D202A93BD00125459 /* CardPageDemoTests */,
				B6E47B58202A93BD00125459 /* CardPageDemoUITests */,
				B6E47B33202A93BC00125459 /* Products */,
				082F884E22E480B102CE87AD /* Pods */,
				5B6DD5150984673D1EFE6D5C /* Frameworks */,
			);
			sourceTree = "<group>";
		};
		B6E47B33202A93BC00125459 /* Products */ = {
			isa = PBXGroup;
			children = (
				B6E47B32202A93BC00125459 /* CardPageDemo.app */,
				B6E47B4A202A93BD00125459 /* CardPageDemoTests.xctest */,
				B6E47B55202A93BD00125459 /* CardPageDemoUITests.xctest */,
			);
			name = Products;
			sourceTree = "<group>";
		};
		B6E47B34202A93BC00125459 /* CardPageDemo */ = {
			isa = PBXGroup;
			children = (
				B6E47B35202A93BC00125459 /* AppDelegate.h */,
				B6E47B36202A93BC00125459 /* AppDelegate.m */,
				B6E47B38202A93BC00125459 /* ViewController.h */,
				B6E47B39202A93BC00125459 /* ViewController.m */,
				B60F6B4020316CB20068992D /* TestView.h */,
				B60F6B4120316CB20068992D /* TestView.m */,
				B6E47B67202A93E600125459 /* CardPage */,
				B6E47B3B202A93BC00125459 /* Main.storyboard */,
				B6E47B3E202A93BC00125459 /* Assets.xcassets */,
				B6E47B40202A93BC00125459 /* LaunchScreen.storyboard */,
				B6E47B43202A93BC00125459 /* Info.plist */,
				B6E47B44202A93BC00125459 /* main.m */,
			);
			path = CardPageDemo;
			sourceTree = "<group>";
		};
		B6E47B4D202A93BD00125459 /* CardPageDemoTests */ = {
			isa = PBXGroup;
			children = (
				B6E47B4E202A93BD00125459 /* CardPageDemoTests.m */,
				B6E47B50202A93BD00125459 /* Info.plist */,
			);
			path = CardPageDemoTests;
			sourceTree = "<group>";
		};
		B6E47B58202A93BD00125459 /* CardPageDemoUITests */ = {
			isa = PBXGroup;
			children = (
				B6E47B59202A93BD00125459 /* CardPageDemoUITests.m */,
				B6E47B5B202A93BD00125459 /* Info.plist */,
			);
			path = CardPageDemoUITests;
			sourceTree = "<group>";
		};
		B6E47B67202A93E600125459 /* CardPage */ = {
			isa = PBXGroup;
			children = (
				B6E47B68202A948000125459 /* CardPageViewController.h */,
				B6E47B69202A948000125459 /* CardPageViewController.m */,
				B60F6B4320316DA80068992D /* CardPageVCView.h */,
				B60F6B4420316DA80068992D /* CardPageVCView.m */,
				B6E47B6B202A9AE600125459 /* ItemViewController.h */,
				B6E47B6C202A9AE600125459 /* ItemViewController.m */,
			);
			path = CardPage;
			sourceTree = "<group>";
		};
/* End PBXGroup section */

/* Begin PBXNativeTarget section */
		B6E47B31202A93BC00125459 /* CardPageDemo */ = {
			isa = PBXNativeTarget;
			buildConfigurationList = B6E47B5E202A93BD00125459 /* Build configuration list for PBXNativeTarget "CardPageDemo" */;
			buildPhases = (
				504211743384922B7D1B0E09 /* [CP] Check Pods Manifest.lock */,
				B6E47B2E202A93BC00125459 /* Sources */,
				B6E47B2F202A93BC00125459 /* Frameworks */,
				B6E47B30202A93BC00125459 /* Resources */,
				A37081AB0820AD3417214A0A /* [CP] Embed Pods Frameworks */,
				FE7D54F6A6D1E7B3D82B8EB6 /* [CP] Copy Pods Resources */,
			);
			buildRules = (
			);
			dependencies = (
			);
			name = CardPageDemo;
			productName = CardPageDemo;
			productReference = B6E47B32202A93BC00125459 /* CardPageDemo.app */;
			productType = "com.apple.product-type.application";
		};
		B6E47B49202A93BD00125459 /* CardPageDemoTests */ = {
			isa = PBXNativeTarget;
			buildConfigurationList = B6E47B61202A93BD00125459 /* Build configuration list for PBXNativeTarget "CardPageDemoTests" */;
			buildPhases = (
				B6E47B46202A93BD00125459 /* Sources */,
				B6E47B47202A93BD00125459 /* Frameworks */,
				B6E47B48202A93BD00125459 /* Resources */,
			);
			buildRules = (
			);
			dependencies = (
				B6E47B4C202A93BD00125459 /* PBXTargetDependency */,
			);
			name = CardPageDemoTests;
			productName = CardPageDemoTests;
			productReference = B6E47B4A202A93BD00125459 /* CardPageDemoTests.xctest */;
			productType = "com.apple.product-type.bundle.unit-test";
		};
		B6E47B54202A93BD00125459 /* CardPageDemoUITests */ = {
			isa = PBXNativeTarget;
			buildConfigurationList = B6E47B64202A93BD00125459 /* Build configuration list for PBXNativeTarget "CardPageDemoUITests" */;
			buildPhases = (
				B6E47B51202A93BD00125459 /* Sources */,
				B6E47B52202A93BD00125459 /* Frameworks */,
				B6E47B53202A93BD00125459 /* Resources */,
			);
			buildRules = (
			);
			dependencies = (
				B6E47B57202A93BD00125459 /* PBXTargetDependency */,
			);
			name = CardPageDemoUITests;
			productName = CardPageDemoUITests;
			productReference = B6E47B55202A93BD00125459 /* CardPageDemoUITests.xctest */;
			productType = "com.apple.product-type.bundle.ui-testing";
		};
/* End PBXNativeTarget section */

/* Begin PBXProject section */
		B6E47B2A202A93BC00125459 /* Project object */ = {
			isa = PBXProject;
			attributes = {
				LastUpgradeCheck = 0910;
				ORGANIZATIONNAME = pangshishan;
				TargetAttributes = {
					B6E47B31202A93BC00125459 = {
						CreatedOnToolsVersion = 9.1;
						ProvisioningStyle = Automatic;
					};
					B6E47B49202A93BD00125459 = {
						CreatedOnToolsVersion = 9.1;
						ProvisioningStyle = Automatic;
						TestTargetID = B6E47B31202A93BC00125459;
					};
					B6E47B54202A93BD00125459 = {
						CreatedOnToolsVersion = 9.1;
						ProvisioningStyle = Automatic;
						TestTargetID = B6E47B31202A93BC00125459;
					};
				};
			};
			buildConfigurationList = B6E47B2D202A93BC00125459 /* Build configuration list for PBXProject "CardPageDemo" */;
			compatibilityVersion = "Xcode 8.0";
			developmentRegion = en;
			hasScannedForEncodings = 0;
			knownRegions = (
				en,
				Base,
			);
			mainGroup = B6E47B29202A93BC00125459;
			productRefGroup = B6E47B33202A93BC00125459 /* Products */;
			projectDirPath = "";
			projectRoot = "";
			targets = (
				B6E47B31202A93BC00125459 /* CardPageDemo */,
				B6E47B49202A93BD00125459 /* CardPageDemoTests */,
				B6E47B54202A93BD00125459 /* CardPageDemoUITests */,
			);
		};
/* End PBXProject section */

/* Begin PBXResourcesBuildPhase section */
		B6E47B30202A93BC00125459 /* Resources */ = {
			isa = PBXResourcesBuildPhase;
			buildActionMask = 2147483647;
			files = (
				B6E47B42202A93BC00125459 /* LaunchScreen.storyboard in Resources */,
				B6E47B3F202A93BC00125459 /* Assets.xcassets in Resources */,
				B6E47B3D202A93BC00125459 /* Main.storyboard in Resources */,
			);
			runOnlyForDeploymentPostprocessing = 0;
		};
		B6E47B48202A93BD00125459 /* Resources */ = {
			isa = PBXResourcesBuildPhase;
			buildActionMask = 2147483647;
			files = (
			);
			runOnlyForDeploymentPostprocessing = 0;
		};
		B6E47B53202A93BD00125459 /* Resources */ = {
			isa = PBXResourcesBuildPhase;
			buildActionMask = 2147483647;
			files = (
			);
			runOnlyForDeploymentPostprocessing = 0;
		};
/* End PBXResourcesBuildPhase section */

/* Begin PBXShellScriptBuildPhase section */
		504211743384922B7D1B0E09 /* [CP] Check Pods Manifest.lock */ = {
			isa = PBXShellScriptBuildPhase;
			buildActionMask = 2147483647;
			files = (
			);
			inputPaths = (
				"${PODS_PODFILE_DIR_PATH}/Podfile.lock",
				"${PODS_ROOT}/Manifest.lock",
			);
			name = "[CP] Check Pods Manifest.lock";
			outputPaths = (
				"$(DERIVED_FILE_DIR)/Pods-CardPageDemo-checkManifestLockResult.txt",
			);
			runOnlyForDeploymentPostprocessing = 0;
			shellPath = /bin/sh;
			shellScript = "diff \"${PODS_PODFILE_DIR_PATH}/Podfile.lock\" \"${PODS_ROOT}/Manifest.lock\" > /dev/null\nif [ $? != 0 ] ; then\n    # print error to STDERR\n    echo \"error: The sandbox is not in sync with the Podfile.lock. Run 'pod install' or update your CocoaPods installation.\" >&2\n    exit 1\nfi\n# This output is used by Xcode 'outputs' to avoid re-running this script phase.\necho \"SUCCESS\" > \"${SCRIPT_OUTPUT_FILE_0}\"\n";
			showEnvVarsInLog = 0;
		};
		A37081AB0820AD3417214A0A /* [CP] Embed Pods Frameworks */ = {
			isa = PBXShellScriptBuildPhase;
			buildActionMask = 2147483647;
			files = (
			);
			inputPaths = (
			);
			name = "[CP] Embed Pods Frameworks";
			outputPaths = (
			);
			runOnlyForDeploymentPostprocessing = 0;
			shellPath = /bin/sh;
			shellScript = "\"${SRCROOT}/Pods/Target Support Files/Pods-CardPageDemo/Pods-CardPageDemo-frameworks.sh\"\n";
			showEnvVarsInLog = 0;
		};
		FE7D54F6A6D1E7B3D82B8EB6 /* [CP] Copy Pods Resources */ = {
			isa = PBXShellScriptBuildPhase;
			buildActionMask = 2147483647;
			files = (
			);
			inputPaths = (
			);
			name = "[CP] Copy Pods Resources";
			outputPaths = (
			);
			runOnlyForDeploymentPostprocessing = 0;
			shellPath = /bin/sh;
			shellScript = "\"${SRCROOT}/Pods/Target Support Files/Pods-CardPageDemo/Pods-CardPageDemo-resources.sh\"\n";
			showEnvVarsInLog = 0;
		};
/* End PBXShellScriptBuildPhase section */

/* Begin PBXSourcesBuildPhase section */
		B6E47B2E202A93BC00125459 /* Sources */ = {
			isa = PBXSourcesBuildPhase;
			buildActionMask = 2147483647;
			files = (
				B6E47B3A202A93BC00125459 /* ViewController.m in Sources */,
				B6E47B6A202A948000125459 /* CardPageViewController.m in Sources */,
				B60F6B4520316DA80068992D /* CardPageVCView.m in Sources */,
				B6E47B6D202A9AE600125459 /* ItemViewController.m in Sources */,
				B6E47B45202A93BC00125459 /* main.m in Sources */,
				B60F6B4220316CB20068992D /* TestView.m in Sources */,
				B6E47B37202A93BC00125459 /* AppDelegate.m in Sources */,
			);
			runOnlyForDeploymentPostprocessing = 0;
		};
		B6E47B46202A93BD00125459 /* Sources */ = {
			isa = PBXSourcesBuildPhase;
			buildActionMask = 2147483647;
			files = (
				B6E47B4F202A93BD00125459 /* CardPageDemoTests.m in Sources */,
			);
			runOnlyForDeploymentPostprocessing = 0;
		};
		B6E47B51202A93BD00125459 /* Sources */ = {
			isa = PBXSourcesBuildPhase;
			buildActionMask = 2147483647;
			files = (
				B6E47B5A202A93BD00125459 /* CardPageDemoUITests.m in Sources */,
			);
			runOnlyForDeploymentPostprocessing = 0;
		};
/* End PBXSourcesBuildPhase section */

/* Begin PBXTargetDependency section */
		B6E47B4C202A93BD00125459 /* PBXTargetDependency */ = {
			isa = PBXTargetDependency;
			target = B6E47B31202A93BC00125459 /* CardPageDemo */;
			targetProxy = B6E47B4B202A93BD00125459 /* PBXContainerItemProxy */;
		};
		B6E47B57202A93BD00125459 /* PBXTargetDependency */ = {
			isa = PBXTargetDependency;
			target = B6E47B31202A93BC00125459 /* CardPageDemo */;
			targetProxy = B6E47B56202A93BD00125459 /* PBXContainerItemProxy */;
		};
/* End PBXTargetDependency section */

/* Begin PBXVariantGroup section */
		B6E47B3B202A93BC00125459 /* Main.storyboard */ = {
			isa = PBXVariantGroup;
			children = (
				B6E47B3C202A93BC00125459 /* Base */,
			);
			name = Main.storyboard;
			sourceTree = "<group>";
		};
		B6E47B40202A93BC00125459 /* LaunchScreen.storyboard */ = {
			isa = PBXVariantGroup;
			children = (
				B6E47B41202A93BC00125459 /* Base */,
			);
			name = LaunchScreen.storyboard;
			sourceTree = "<group>";
		};
/* End PBXVariantGroup section */

/* Begin XCBuildConfiguration section */
		B6E47B5C202A93BD00125459 /* Debug */ = {
			isa = XCBuildConfiguration;
			buildSettings = {
				ALWAYS_SEARCH_USER_PATHS = NO;
				CLANG_ANALYZER_NONNULL = YES;
				CLANG_ANALYZER_NUMBER_OBJECT_CONVERSION = YES_AGGRESSIVE;
				CLANG_CXX_LANGUAGE_STANDARD = "gnu++14";
				CLANG_CXX_LIBRARY = "libc++";
				CLANG_ENABLE_MODULES = YES;
				CLANG_ENABLE_OBJC_ARC = YES;
				CLANG_WARN_BLOCK_CAPTURE_AUTORELEASING = YES;
				CLANG_WARN_BOOL_CONVERSION = YES;
				CLANG_WARN_COMMA = YES;
				CLANG_WARN_CONSTANT_CONVERSION = YES;
				CLANG_WARN_DIRECT_OBJC_ISA_USAGE = YES_ERROR;
				CLANG_WARN_DOCUMENTATION_COMMENTS = YES;
				CLANG_WARN_EMPTY_BODY = YES;
				CLANG_WARN_ENUM_CONVERSION = YES;
				CLANG_WARN_INFINITE_RECURSION = YES;
				CLANG_WARN_INT_CONVERSION = YES;
				CLANG_WARN_NON_LITERAL_NULL_CONVERSION = YES;
				CLANG_WARN_OBJC_LITERAL_CONVERSION = YES;
				CLANG_WARN_OBJC_ROOT_CLASS = YES_ERROR;
				CLANG_WARN_RANGE_LOOP_ANALYSIS = YES;
				CLANG_WARN_STRICT_PROTOTYPES = YES;
				CLANG_WARN_SUSPICIOUS_MOVE = YES;
				CLANG_WARN_UNGUARDED_AVAILABILITY = YES_AGGRESSIVE;
				CLANG_WARN_UNREACHABLE_CODE = YES;
				CLANG_WARN__DUPLICATE_METHOD_MATCH = YES;
				CODE_SIGN_IDENTITY = "iPhone Developer";
				COPY_PHASE_STRIP = NO;
				DEBUG_INFORMATION_FORMAT = dwarf;
				ENABLE_STRICT_OBJC_MSGSEND = YES;
				ENABLE_TESTABILITY = YES;
				GCC_C_LANGUAGE_STANDARD = gnu11;
				GCC_DYNAMIC_NO_PIC = NO;
				GCC_NO_COMMON_BLOCKS = YES;
				GCC_OPTIMIZATION_LEVEL = 0;
				GCC_PREPROCESSOR_DEFINITIONS = (
					"DEBUG=1",
					"$(inherited)",
				);
				GCC_WARN_64_TO_32_BIT_CONVERSION = YES;
				GCC_WARN_ABOUT_RETURN_TYPE = YES_ERROR;
				GCC_WARN_UNDECLARED_SELECTOR = YES;
				GCC_WARN_UNINITIALIZED_AUTOS = YES_AGGRESSIVE;
				GCC_WARN_UNUSED_FUNCTION = YES;
				GCC_WARN_UNUSED_VARIABLE = YES;
				IPHONEOS_DEPLOYMENT_TARGET = 11.2;
				MTL_ENABLE_DEBUG_INFO = YES;
				ONLY_ACTIVE_ARCH = YES;
				SDKROOT = iphoneos;
			};
			name = Debug;
		};
		B6E47B5D202A93BD00125459 /* Release */ = {
			isa = XCBuildConfiguration;
			buildSettings = {
				ALWAYS_SEARCH_USER_PATHS = NO;
				CLANG_ANALYZER_NONNULL = YES;
				CLANG_ANALYZER_NUMBER_OBJECT_CONVERSION = YES_AGGRESSIVE;
				CLANG_CXX_LANGUAGE_STANDARD = "gnu++14";
				CLANG_CXX_LIBRARY = "libc++";
				CLANG_ENABLE_MODULES = YES;
				CLANG_ENABLE_OBJC_ARC = YES;
				CLANG_WARN_BLOCK_CAPTURE_AUTORELEASING = YES;
				CLANG_WARN_BOOL_CONVERSION = YES;
				CLANG_WARN_COMMA = YES;
				CLANG_WARN_CONSTANT_CONVERSION = YES;
				CLANG_WARN_DIRECT_OBJC_ISA_USAGE = YES_ERROR;
				CLANG_WARN_DOCUMENTATION_COMMENTS = YES;
				CLANG_WARN_EMPTY_BODY = YES;
				CLANG_WARN_ENUM_CONVERSION = YES;
				CLANG_WARN_INFINITE_RECURSION = YES;
				CLANG_WARN_INT_CONVERSION = YES;
				CLANG_WARN_NON_LITERAL_NULL_CONVERSION = YES;
				CLANG_WARN_OBJC_LITERAL_CONVERSION = YES;
				CLANG_WARN_OBJC_ROOT_CLASS = YES_ERROR;
				CLANG_WARN_RANGE_LOOP_ANALYSIS = YES;
				CLANG_WARN_STRICT_PROTOTYPES = YES;
				CLANG_WARN_SUSPICIOUS_MOVE = YES;
				CLANG_WARN_UNGUARDED_AVAILABILITY = YES_AGGRESSIVE;
				CLANG_WARN_UNREACHABLE_CODE = YES;
				CLANG_WARN__DUPLICATE_METHOD_MATCH = YES;
				CODE_SIGN_IDENTITY = "iPhone Developer";
				COPY_PHASE_STRIP = NO;
				DEBUG_INFORMATION_FORMAT = "dwarf-with-dsym";
				ENABLE_NS_ASSERTIONS = NO;
				ENABLE_STRICT_OBJC_MSGSEND = YES;
				GCC_C_LANGUAGE_STANDARD = gnu11;
				GCC_NO_COMMON_BLOCKS = YES;
				GCC_WARN_64_TO_32_BIT_CONVERSION = YES;
				GCC_WARN_ABOUT_RETURN_TYPE = YES_ERROR;
				GCC_WARN_UNDECLARED_SELECTOR = YES;
				GCC_WARN_UNINITIALIZED_AUTOS = YES_AGGRESSIVE;
				GCC_WARN_UNUSED_FUNCTION = YES;
				GCC_WARN_UNUSED_VARIABLE = YES;
				IPHONEOS_DEPLOYMENT_TARGET = 11.2;
				MTL_ENABLE_DEBUG_INFO = NO;
				SDKROOT = iphoneos;
				VALIDATE_PRODUCT = YES;
			};
			name = Release;
		};
		B6E47B5F202A93BD00125459 /* Debug */ = {
			isa = XCBuildConfiguration;
			baseConfigurationReference = F4164675EDA63E1D13F2D6EB /* Pods-CardPageDemo.debug.xcconfig */;
			buildSettings = {
				ASSETCATALOG_COMPILER_APPICON_NAME = AppIcon;
				CODE_SIGN_STYLE = Automatic;
				DEVELOPMENT_TEAM = H6446PRH7S;
				INFOPLIST_FILE = CardPageDemo/Info.plist;
				IPHONEOS_DEPLOYMENT_TARGET = 10.0;
				LD_RUNPATH_SEARCH_PATHS = "$(inherited) @executable_path/Frameworks";
				PRODUCT_BUNDLE_IDENTIFIER = "com.pangshishan-test";
				PRODUCT_NAME = "$(TARGET_NAME)";
				TARGETED_DEVICE_FAMILY = "1,2";
			};
			name = Debug;
		};
		B6E47B60202A93BD00125459 /* Release */ = {
			isa = XCBuildConfiguration;
			baseConfigurationReference = C1928EE6233F8F021798B46D /* Pods-CardPageDemo.release.xcconfig */;
			buildSettings = {
				ASSETCATALOG_COMPILER_APPICON_NAME = AppIcon;
				CODE_SIGN_STYLE = Automatic;
				DEVELOPMENT_TEAM = H6446PRH7S;
				INFOPLIST_FILE = CardPageDemo/Info.plist;
				IPHONEOS_DEPLOYMENT_TARGET = 10.0;
				LD_RUNPATH_SEARCH_PATHS = "$(inherited) @executable_path/Frameworks";
				PRODUCT_BUNDLE_IDENTIFIER = "com.pangshishan-test";
				PRODUCT_NAME = "$(TARGET_NAME)";
				TARGETED_DEVICE_FAMILY = "1,2";
			};
			name = Release;
		};
		B6E47B62202A93BD00125459 /* Debug */ = {
			isa = XCBuildConfiguration;
			buildSettings = {
				BUNDLE_LOADER = "$(TEST_HOST)";
				CODE_SIGN_STYLE = Automatic;
				DEVELOPMENT_TEAM = XRP5EB8YU5;
				INFOPLIST_FILE = CardPageDemoTests/Info.plist;
				LD_RUNPATH_SEARCH_PATHS = "$(inherited) @executable_path/Frameworks @loader_path/Frameworks";
				PRODUCT_BUNDLE_IDENTIFIER = com.pangshishan.CardPageDemoTests;
				PRODUCT_NAME = "$(TARGET_NAME)";
				TARGETED_DEVICE_FAMILY = "1,2";
				TEST_HOST = "$(BUILT_PRODUCTS_DIR)/CardPageDemo.app/CardPageDemo";
			};
			name = Debug;
		};
		B6E47B63202A93BD00125459 /* Release */ = {
			isa = XCBuildConfiguration;
			buildSettings = {
				BUNDLE_LOADER = "$(TEST_HOST)";
				CODE_SIGN_STYLE = Automatic;
				DEVELOPMENT_TEAM = XRP5EB8YU5;
				INFOPLIST_FILE = CardPageDemoTests/Info.plist;
				LD_RUNPATH_SEARCH_PATHS = "$(inherited) @executable_path/Frameworks @loader_path/Frameworks";
				PRODUCT_BUNDLE_IDENTIFIER = com.pangshishan.CardPageDemoTests;
				PRODUCT_NAME = "$(TARGET_NAME)";
				TARGETED_DEVICE_FAMILY = "1,2";
				TEST_HOST = "$(BUILT_PRODUCTS_DIR)/CardPageDemo.app/CardPageDemo";
			};
			name = Release;
		};
		B6E47B65202A93BD00125459 /* Debug */ = {
			isa = XCBuildConfiguration;
			buildSettings = {
				CODE_SIGN_STYLE = Automatic;
				DEVELOPMENT_TEAM = XRP5EB8YU5;
				INFOPLIST_FILE = CardPageDemoUITests/Info.plist;
				LD_RUNPATH_SEARCH_PATHS = "$(inherited) @executable_path/Frameworks @loader_path/Frameworks";
				PRODUCT_BUNDLE_IDENTIFIER = com.pangshishan.CardPageDemoUITests;
				PRODUCT_NAME = "$(TARGET_NAME)";
				TARGETED_DEVICE_FAMILY = "1,2";
				TEST_TARGET_NAME = CardPageDemo;
			};
			name = Debug;
		};
		B6E47B66202A93BD00125459 /* Release */ = {
			isa = XCBuildConfiguration;
			buildSettings = {
				CODE_SIGN_STYLE = Automatic;
				DEVELOPMENT_TEAM = XRP5EB8YU5;
				INFOPLIST_FILE = CardPageDemoUITests/Info.plist;
				LD_RUNPATH_SEARCH_PATHS = "$(inherited) @executable_path/Frameworks @loader_path/Frameworks";
				PRODUCT_BUNDLE_IDENTIFIER = com.pangshishan.CardPageDemoUITests;
				PRODUCT_NAME = "$(TARGET_NAME)";
				TARGETED_DEVICE_FAMILY = "1,2";
				TEST_TARGET_NAME = CardPageDemo;
			};
			name = Release;
		};
/* End XCBuildConfiguration section */

/* Begin XCConfigurationList section */
		B6E47B2D202A93BC00125459 /* Build configuration list for PBXProject "CardPageDemo" */ = {
			isa = XCConfigurationList;
			buildConfigurations = (
				B6E47B5C202A93BD00125459 /* Debug */,
				B6E47B5D202A93BD00125459 /* Release */,
			);
			defaultConfigurationIsVisible = 0;
			defaultConfigurationName = Release;
		};
		B6E47B5E202A93BD00125459 /* Build configuration list for PBXNativeTarget "CardPageDemo" */ = {
			isa = XCConfigurationList;
			buildConfigurations = (
				B6E47B5F202A93BD00125459 /* Debug */,
				B6E47B60202A93BD00125459 /* Release */,
			);
			defaultConfigurationIsVisible = 0;
			defaultConfigurationName = Release;
		};
		B6E47B61202A93BD00125459 /* Build configuration list for PBXNativeTarget "CardPageDemoTests" */ = {
			isa = XCConfigurationList;
			buildConfigurations = (
				B6E47B62202A93BD00125459 /* Debug */,
				B6E47B63202A93BD00125459 /* Release */,
			);
			defaultConfigurationIsVisible = 0;
			defaultConfigurationName = Release;
		};
		B6E47B64202A93BD00125459 /* Build configuration list for PBXNativeTarget "CardPageDemoUITests" */ = {
			isa = XCConfigurationList;
			buildConfigurations = (
				B6E47B65202A93BD00125459 /* Debug */,
				B6E47B66202A93BD00125459 /* Release */,
			);
			defaultConfigurationIsVisible = 0;
			defaultConfigurationName = Release;
		};
/* End XCConfigurationList section */
	};
	rootObject = B6E47B2A202A93BC00125459 /* Project object */;
}
